<?xml version="1.0" encoding="utf-8"?>
<Project ToolsVersion="4.0" xmlns="http://schemas.microsoft.com/developer/msbuild/2003">
  <ItemGroup>
    <Filter Include="Scheduler">
      <UniqueIdentifier>{84CA7F4C-F034-34C3-3973-E568A51C1218}</UniqueIdentifier>
    </Filter>
  </ItemGroup>
  <ItemGroup>
    <ClInclude Include="src\GameEngine.h" />
    <ClInclude Include="src\gepch.h" />
    <ClInclude Include="src\GameEngine\ConsoleGameEngine.h" />
    <ClInclude Include="src\GameEngine\Sprite.h" />
  </ItemGroup>
  <ItemGroup>
    <ClCompile Include="src\gepch.cpp" />
    <ClCompile Include="src\GameEngine\ConsoleGameEngine.cpp" />
    <ClCompile Include="src\GameEngine\Sprite.cpp" />
  </ItemGroup>
</Project>